// !$*UTF8*$!
{
	archiveVersion = 1;
	classes = {
	};
	objectVersion = 50;
	objects = {

/* Begin PBXBuildFile section */
		C10D4C7F213735A30016923D /* DisplayImageVIewController.swift in Sources */ = {isa = PBXBuildFile; fileRef = C10D4C7E213735A30016923D /* DisplayImageVIewController.swift */; };
		C16964B82133AC1100F62BA0 /* AppDelegate.swift in Sources */ = {isa = PBXBuildFile; fileRef = C16964B72133AC1100F62BA0 /* AppDelegate.swift */; };
		C16964BA2133AC1100F62BA0 /* HomeViewController.swift in Sources */ = {isa = PBXBuildFile; fileRef = C16964B92133AC1100F62BA0 /* HomeViewController.swift */; };
		C16964BD2133AC1100F62BA0 /* Main.storyboard in Resources */ = {isa = PBXBuildFile; fileRef = C16964BB2133AC1100F62BA0 /* Main.storyboard */; };
		C16964BF2133AC1100F62BA0 /* Assets.xcassets in Resources */ = {isa = PBXBuildFile; fileRef = C16964BE2133AC1100F62BA0 /* Assets.xcassets */; };
		C16964C22133AC1100F62BA0 /* LaunchScreen.storyboard in Resources */ = {isa = PBXBuildFile; fileRef = C16964C02133AC1100F62BA0 /* LaunchScreen.storyboard */; };
		C186F02A213778B300C9F552 /* ImageViewCell.swift in Sources */ = {isa = PBXBuildFile; fileRef = C186F029213778B300C9F552 /* ImageViewCell.swift */; };
		C1B8A6C72133B7E900BFB305 /* HomeViewCell.swift in Sources */ = {isa = PBXBuildFile; fileRef = C1B8A6C62133B7E900BFB305 /* HomeViewCell.swift */; };
		C1B8A6C92133B8E300BFB305 /* +HomeViewCell.swift in Sources */ = {isa = PBXBuildFile; fileRef = C1B8A6C82133B8E300BFB305 /* +HomeViewCell.swift */; };
		C1B8A6CD2133C14100BFB305 /* CustomHeader.swift in Sources */ = {isa = PBXBuildFile; fileRef = C1B8A6CC2133C14100BFB305 /* CustomHeader.swift */; };
		C1B8A6CF2133D2D200BFB305 /* DisplayListViewController.swift in Sources */ = {isa = PBXBuildFile; fileRef = C1B8A6CE2133D2D200BFB305 /* DisplayListViewController.swift */; };
		C1B8A6D12133D8B600BFB305 /* DogAPIManager.swift in Sources */ = {isa = PBXBuildFile; fileRef = C1B8A6D02133D8B600BFB305 /* DogAPIManager.swift */; };
		C1B8A6D3213407BE00BFB305 /* PageDataModel.swift in Sources */ = {isa = PBXBuildFile; fileRef = C1B8A6D2213407BE00BFB305 /* PageDataModel.swift */; };
		C1C72E602133B02A0050C0F4 /* +UICollectionViewController.swift in Sources */ = {isa = PBXBuildFile; fileRef = C1C72E5F2133B02A0050C0F4 /* +UICollectionViewController.swift */; };
		C1C72E622133B4BC0050C0F4 /* ColorLibrary.swift in Sources */ = {isa = PBXBuildFile; fileRef = C1C72E612133B4BC0050C0F4 /* ColorLibrary.swift */; };
		C1E223362134CAE9003D0FD7 /* Dog.swift in Sources */ = {isa = PBXBuildFile; fileRef = C1E223352134CAE9003D0FD7 /* Dog.swift */; };
/* End PBXBuildFile section */

/* Begin PBXFileReference section */
		C10D4C7E213735A30016923D /* DisplayImageVIewController.swift */ = {isa = PBXFileReference; lastKnownFileType = sourcecode.swift; path = DisplayImageVIewController.swift; sourceTree = "<group>"; };
		C16964B42133AC1100F62BA0 /* Pupper Application.app */ = {isa = PBXFileReference; explicitFileType = wrapper.application; includeInIndex = 0; path = "Pupper Application.app"; sourceTree = BUILT_PRODUCTS_DIR; };
		C16964B72133AC1100F62BA0 /* AppDelegate.swift */ = {isa = PBXFileReference; lastKnownFileType = sourcecode.swift; path = AppDelegate.swift; sourceTree = "<group>"; };
		C16964B92133AC1100F62BA0 /* HomeViewController.swift */ = {isa = PBXFileReference; lastKnownFileType = sourcecode.swift; path = HomeViewController.swift; sourceTree = "<group>"; };
		C16964BC2133AC1100F62BA0 /* Base */ = {isa = PBXFileReference; lastKnownFileType = file.storyboard; name = Base; path = Base.lproj/Main.storyboard; sourceTree = "<group>"; };
		C16964BE2133AC1100F62BA0 /* Assets.xcassets */ = {isa = PBXFileReference; lastKnownFileType = folder.assetcatalog; path = Assets.xcassets; sourceTree = "<group>"; };
		C16964C12133AC1100F62BA0 /* Base */ = {isa = PBXFileReference; lastKnownFileType = file.storyboard; name = Base; path = Base.lproj/LaunchScreen.storyboard; sourceTree = "<group>"; };
		C16964C32133AC1100F62BA0 /* Info.plist */ = {isa = PBXFileReference; lastKnownFileType = text.plist.xml; path = Info.plist; sourceTree = "<group>"; };
		C186F029213778B300C9F552 /* ImageViewCell.swift */ = {isa = PBXFileReference; lastKnownFileType = sourcecode.swift; path = ImageViewCell.swift; sourceTree = "<group>"; };
		C1B8A6C62133B7E900BFB305 /* HomeViewCell.swift */ = {isa = PBXFileReference; lastKnownFileType = sourcecode.swift; path = HomeViewCell.swift; sourceTree = "<group>"; };
		C1B8A6C82133B8E300BFB305 /* +HomeViewCell.swift */ = {isa = PBXFileReference; lastKnownFileType = sourcecode.swift; path = "+HomeViewCell.swift"; sourceTree = "<group>"; };
		C1B8A6CC2133C14100BFB305 /* CustomHeader.swift */ = {isa = PBXFileReference; lastKnownFileType = sourcecode.swift; path = CustomHeader.swift; sourceTree = "<group>"; };
		C1B8A6CE2133D2D200BFB305 /* DisplayListViewController.swift */ = {isa = PBXFileReference; lastKnownFileType = sourcecode.swift; path = DisplayListViewController.swift; sourceTree = "<group>"; };
		C1B8A6D02133D8B600BFB305 /* DogAPIManager.swift */ = {isa = PBXFileReference; lastKnownFileType = sourcecode.swift; path = DogAPIManager.swift; sourceTree = "<group>"; };
		C1B8A6D2213407BE00BFB305 /* PageDataModel.swift */ = {isa = PBXFileReference; lastKnownFileType = sourcecode.swift; path = PageDataModel.swift; sourceTree = "<group>"; };
		C1C72E5F2133B02A0050C0F4 /* +UICollectionViewController.swift */ = {isa = PBXFileReference; lastKnownFileType = sourcecode.swift; path = "+UICollectionViewController.swift"; sourceTree = "<group>"; };
		C1C72E612133B4BC0050C0F4 /* ColorLibrary.swift */ = {isa = PBXFileReference; lastKnownFileType = sourcecode.swift; path = ColorLibrary.swift; sourceTree = "<group>"; };
		C1E223352134CAE9003D0FD7 /* Dog.swift */ = {isa = PBXFileReference; lastKnownFileType = sourcecode.swift; path = Dog.swift; sourceTree = "<group>"; };
/* End PBXFileReference section */

/* Begin PBXFrameworksBuildPhase section */
		C16964B12133AC1100F62BA0 /* Frameworks */ = {
			isa = PBXFrameworksBuildPhase;
			buildActionMask = 2147483647;
			files = (
			);
			runOnlyForDeploymentPostprocessing = 0;
		};
/* End PBXFrameworksBuildPhase section */

/* Begin PBXGroup section */
		C16964AB2133AC1100F62BA0 = {
			isa = PBXGroup;
			children = (
				C16964B62133AC1100F62BA0 /* Pupper Application */,
				C16964B52133AC1100F62BA0 /* Products */,
			);
			sourceTree = "<group>";
		};
		C16964B52133AC1100F62BA0 /* Products */ = {
			isa = PBXGroup;
			children = (
				C16964B42133AC1100F62BA0 /* Pupper Application.app */,
			);
			name = Products;
			sourceTree = "<group>";
		};
		C16964B62133AC1100F62BA0 /* Pupper Application */ = {
			isa = PBXGroup;
			children = (
				C16964B72133AC1100F62BA0 /* AppDelegate.swift */,
				C1E223342134CAC0003D0FD7 /* API */,
				C1C72E5E2133AF160050C0F4 /* Unused */,
				C16964C92133ACEC00F62BA0 /* Model */,
				C1C72E652133B6620050C0F4 /* View */,
				C16964CD2133AD2500F62BA0 /* Controller */,
				C16964BE2133AC1100F62BA0 /* Assets.xcassets */,
				C16964C02133AC1100F62BA0 /* LaunchScreen.storyboard */,
				C16964C32133AC1100F62BA0 /* Info.plist */,
			);
			path = "Pupper Application";
			sourceTree = "<group>";
		};
		C16964C92133ACEC00F62BA0 /* Model */ = {
			isa = PBXGroup;
			children = (
				C1E223352134CAE9003D0FD7 /* Dog.swift */,
				C1B8A6D2213407BE00BFB305 /* PageDataModel.swift */,
				C1C72E5F2133B02A0050C0F4 /* +UICollectionViewController.swift */,
				C1B8A6C82133B8E300BFB305 /* +HomeViewCell.swift */,
				C1C72E612133B4BC0050C0F4 /* ColorLibrary.swift */,
				C1B8A6CC2133C14100BFB305 /* CustomHeader.swift */,
			);
			path = Model;
			sourceTree = "<group>";
		};
		C16964CD2133AD2500F62BA0 /* Controller */ = {
			isa = PBXGroup;
			children = (
				C16964B92133AC1100F62BA0 /* HomeViewController.swift */,
				C1B8A6CE2133D2D200BFB305 /* DisplayListViewController.swift */,
				C10D4C7E213735A30016923D /* DisplayImageVIewController.swift */,
			);
			path = Controller;
			sourceTree = "<group>";
		};
		C1C72E5E2133AF160050C0F4 /* Unused */ = {
			isa = PBXGroup;
			children = (
				C16964BB2133AC1100F62BA0 /* Main.storyboard */,
			);
			path = Unused;
			sourceTree = "<group>";
		};
		C1C72E652133B6620050C0F4 /* View */ = {
			isa = PBXGroup;
			children = (
				C1B8A6C62133B7E900BFB305 /* HomeViewCell.swift */,
				C186F029213778B300C9F552 /* ImageViewCell.swift */,
			);
			path = View;
			sourceTree = "<group>";
		};
		C1E223342134CAC0003D0FD7 /* API */ = {
			isa = PBXGroup;
			children = (
				C1B8A6D02133D8B600BFB305 /* DogAPIManager.swift */,
			);
			path = API;
			sourceTree = "<group>";
		};
/* End PBXGroup section */

/* Begin PBXNativeTarget section */
		C16964B32133AC1100F62BA0 /* Pupper Application */ = {
			isa = PBXNativeTarget;
			buildConfigurationList = C16964C62133AC1100F62BA0 /* Build configuration list for PBXNativeTarget "Pupper Application" */;
			buildPhases = (
				C16964B02133AC1100F62BA0 /* Sources */,
				C16964B12133AC1100F62BA0 /* Frameworks */,
				C16964B22133AC1100F62BA0 /* Resources */,
			);
			buildRules = (
			);
			dependencies = (
			);
			name = "Pupper Application";
			productName = "Pupper Application";
			productReference = C16964B42133AC1100F62BA0 /* Pupper Application.app */;
			productType = "com.apple.product-type.application";
		};
/* End PBXNativeTarget section */

/* Begin PBXProject section */
		C16964AC2133AC1100F62BA0 /* Project object */ = {
			isa = PBXProject;
			attributes = {
				LastSwiftUpdateCheck = 0940;
				LastUpgradeCheck = 0940;
				ORGANIZATIONNAME = juliancarachure;
				TargetAttributes = {
					C16964B32133AC1100F62BA0 = {
						CreatedOnToolsVersion = 9.4.1;
					};
				};
			};
			buildConfigurationList = C16964AF2133AC1100F62BA0 /* Build configuration list for PBXProject "Pupper Application" */;
			compatibilityVersion = "Xcode 9.3";
			developmentRegion = en;
			hasScannedForEncodings = 0;
			knownRegions = (
				en,
				Base,
			);
			mainGroup = C16964AB2133AC1100F62BA0;
			productRefGroup = C16964B52133AC1100F62BA0 /* Products */;
			projectDirPath = "";
			projectRoot = "";
			targets = (
				C16964B32133AC1100F62BA0 /* Pupper Application */,
			);
		};
/* End PBXProject section */

/* Begin PBXResourcesBuildPhase section */
		C16964B22133AC1100F62BA0 /* Resources */ = {
			isa = PBXResourcesBuildPhase;
			buildActionMask = 2147483647;
			files = (
				C16964C22133AC1100F62BA0 /* LaunchScreen.storyboard in Resources */,
				C16964BF2133AC1100F62BA0 /* Assets.xcassets in Resources */,
				C16964BD2133AC1100F62BA0 /* Main.storyboard in Resources */,
			);
			runOnlyForDeploymentPostprocessing = 0;
		};
/* End PBXResourcesBuildPhase section */

/* Begin PBXSourcesBuildPhase section */
		C16964B02133AC1100F62BA0 /* Sources */ = {
			isa = PBXSourcesBuildPhase;
			buildActionMask = 2147483647;
			files = (
				C16964BA2133AC1100F62BA0 /* HomeViewController.swift in Sources */,
				C1B8A6CD2133C14100BFB305 /* CustomHeader.swift in Sources */,
				C186F02A213778B300C9F552 /* ImageViewCell.swift in Sources */,
				C16964B82133AC1100F62BA0 /* AppDelegate.swift in Sources */,
				C1B8A6CF2133D2D200BFB305 /* DisplayListViewController.swift in Sources */,
				C1C72E602133B02A0050C0F4 /* +UICollectionViewController.swift in Sources */,
				C1E223362134CAE9003D0FD7 /* Dog.swift in Sources */,
				C10D4C7F213735A30016923D /* DisplayImageVIewController.swift in Sources */,
				C1B8A6D12133D8B600BFB305 /* DogAPIManager.swift in Sources */,
				C1C72E622133B4BC0050C0F4 /* ColorLibrary.swift in Sources */,
				C1B8A6D3213407BE00BFB305 /* PageDataModel.swift in Sources */,
				C1B8A6C72133B7E900BFB305 /* HomeViewCell.swift in Sources */,
				C1B8A6C92133B8E300BFB305 /* +HomeViewCell.swift in Sources */,
			);
			runOnlyForDeploymentPostprocessing = 0;
		};
/* End PBXSourcesBuildPhase section */

/* Begin PBXVariantGroup section */
		C16964BB2133AC1100F62BA0 /* Main.storyboard */ = {
			isa = PBXVariantGroup;
			children = (
				C16964BC2133AC1100F62BA0 /* Base */,
			);
			name = Main.storyboard;
			sourceTree = "<group>";
		};
		C16964C02133AC1100F62BA0 /* LaunchScreen.storyboard */ = {
			isa = PBXVariantGroup;
			children = (
				C16964C12133AC1100F62BA0 /* Base */,
			);
			name = LaunchScreen.storyboard;
			sourceTree = "<group>";
		};
/* End PBXVariantGroup section */

/* Begin XCBuildConfiguration section */
		C16964C42133AC1100F62BA0 /* Debug */ = {
			isa = XCBuildConfiguration;
			buildSettings = {
				ALWAYS_SEARCH_USER_PATHS = NO;
				CLANG_ANALYZER_NONNULL = YES;
				CLANG_ANALYZER_NUMBER_OBJECT_CONVERSION = YES_AGGRESSIVE;
				CLANG_CXX_LANGUAGE_STANDARD = "gnu++14";
				CLANG_CXX_LIBRARY = "libc++";
				CLANG_ENABLE_MODULES = YES;
				CLANG_ENABLE_OBJC_ARC = YES;
				CLANG_ENABLE_OBJC_WEAK = YES;
				CLANG_WARN_BLOCK_CAPTURE_AUTORELEASING = YES;
				CLANG_WARN_BOOL_CONVERSION = YES;
				CLANG_WARN_COMMA = YES;
				CLANG_WARN_CONSTANT_CONVERSION = YES;
				CLANG_WARN_DEPRECATED_OBJC_IMPLEMENTATIONS = YES;
				CLANG_WARN_DIRECT_OBJC_ISA_USAGE = YES_ERROR;
				CLANG_WARN_DOCUMENTATION_COMMENTS = YES;
				CLANG_WARN_EMPTY_BODY = YES;
				CLANG_WARN_ENUM_CONVERSION = YES;
				CLANG_WARN_INFINITE_RECURSION = YES;
				CLANG_WARN_INT_CONVERSION = YES;
				CLANG_WARN_NON_LITERAL_NULL_CONVERSION = YES;
				CLANG_WARN_OBJC_IMPLICIT_RETAIN_SELF = YES;
				CLANG_WARN_OBJC_LITERAL_CONVERSION = YES;
				CLANG_WARN_OBJC_ROOT_CLASS = YES_ERROR;
				CLANG_WARN_RANGE_LOOP_ANALYSIS = YES;
				CLANG_WARN_STRICT_PROTOTYPES = YES;
				CLANG_WARN_SUSPICIOUS_MOVE = YES;
				CLANG_WARN_UNGUARDED_AVAILABILITY = YES_AGGRESSIVE;
				CLANG_WARN_UNREACHABLE_CODE = YES;
				CLANG_WARN__DUPLICATE_METHOD_MATCH = YES;
				CODE_SIGN_IDENTITY = "iPhone Developer";
				COPY_PHASE_STRIP = NO;
				DEBUG_INFORMATION_FORMAT = dwarf;
				ENABLE_STRICT_OBJC_MSGSEND = YES;
				ENABLE_TESTABILITY = YES;
				GCC_C_LANGUAGE_STANDARD = gnu11;
				GCC_DYNAMIC_NO_PIC = NO;
				GCC_NO_COMMON_BLOCKS = YES;
				GCC_OPTIMIZATION_LEVEL = 0;
				GCC_PREPROCESSOR_DEFINITIONS = (
					"DEBUG=1",
					"$(inherited)",
				);
				GCC_WARN_64_TO_32_BIT_CONVERSION = YES;
				GCC_WARN_ABOUT_RETURN_TYPE = YES_ERROR;
				GCC_WARN_UNDECLARED_SELECTOR = YES;
				GCC_WARN_UNINITIALIZED_AUTOS = YES_AGGRESSIVE;
				GCC_WARN_UNUSED_FUNCTION = YES;
				GCC_WARN_UNUSED_VARIABLE = YES;
				IPHONEOS_DEPLOYMENT_TARGET = 11.4;
				MTL_ENABLE_DEBUG_INFO = YES;
				ONLY_ACTIVE_ARCH = YES;
				SDKROOT = iphoneos;
				SWIFT_ACTIVE_COMPILATION_CONDITIONS = DEBUG;
				SWIFT_OPTIMIZATION_LEVEL = "-Onone";
			};
			name = Debug;
		};
		C16964C52133AC1100F62BA0 /* Release */ = {
			isa = XCBuildConfiguration;
			buildSettings = {
				ALWAYS_SEARCH_USER_PATHS = NO;
				CLANG_ANALYZER_NONNULL = YES;
				CLANG_ANALYZER_NUMBER_OBJECT_CONVERSION = YES_AGGRESSIVE;
				CLANG_CXX_LANGUAGE_STANDARD = "gnu++14";
				CLANG_CXX_LIBRARY = "libc++";
				CLANG_ENABLE_MODULES = YES;
				CLANG_ENABLE_OBJC_ARC = YES;
				CLANG_ENABLE_OBJC_WEAK = YES;
				CLANG_WARN_BLOCK_CAPTURE_AUTORELEASING = YES;
				CLANG_WARN_BOOL_CONVERSION = YES;
				CLANG_WARN_COMMA = YES;
				CLANG_WARN_CONSTANT_CONVERSION = YES;
				CLANG_WARN_DEPRECATED_OBJC_IMPLEMENTATIONS = YES;
				CLANG_WARN_DIRECT_OBJC_ISA_USAGE = YES_ERROR;
				CLANG_WARN_DOCUMENTATION_COMMENTS = YES;
				CLANG_WARN_EMPTY_BODY = YES;
				CLANG_WARN_ENUM_CONVERSION = YES;
				CLANG_WARN_INFINITE_RECURSION = YES;
				CLANG_WARN_INT_CONVERSION = YES;
				CLANG_WARN_NON_LITERAL_NULL_CONVERSION = YES;
				CLANG_WARN_OBJC_IMPLICIT_RETAIN_SELF = YES;
				CLANG_WARN_OBJC_LITERAL_CONVERSION = YES;
				CLANG_WARN_OBJC_ROOT_CLASS = YES_ERROR;
				CLANG_WARN_RANGE_LOOP_ANALYSIS = YES;
				CLANG_WARN_STRICT_PROTOTYPES = YES;
				CLANG_WARN_SUSPICIOUS_MOVE = YES;
				CLANG_WARN_UNGUARDED_AVAILABILITY = YES_AGGRESSIVE;
				CLANG_WARN_UNREACHABLE_CODE = YES;
				CLANG_WARN__DUPLICATE_METHOD_MATCH = YES;
				CODE_SIGN_IDENTITY = "iPhone Developer";
				COPY_PHASE_STRIP = NO;
				DEBUG_INFORMATION_FORMAT = "dwarf-with-dsym";
				ENABLE_NS_ASSERTIONS = NO;
				ENABLE_STRICT_OBJC_MSGSEND = YES;
				GCC_C_LANGUAGE_STANDARD = gnu11;
				GCC_NO_COMMON_BLOCKS = YES;
				GCC_WARN_64_TO_32_BIT_CONVERSION = YES;
				GCC_WARN_ABOUT_RETURN_TYPE = YES_ERROR;
				GCC_WARN_UNDECLARED_SELECTOR = YES;
				GCC_WARN_UNINITIALIZED_AUTOS = YES_AGGRESSIVE;
				GCC_WARN_UNUSED_FUNCTION = YES;
				GCC_WARN_UNUSED_VARIABLE = YES;
				IPHONEOS_DEPLOYMENT_TARGET = 11.4;
				MTL_ENABLE_DEBUG_INFO = NO;
				SDKROOT = iphoneos;
				SWIFT_COMPILATION_MODE = wholemodule;
				SWIFT_OPTIMIZATION_LEVEL = "-O";
				VALIDATE_PRODUCT = YES;
			};
			name = Release;
		};
		C16964C72133AC1100F62BA0 /* Debug */ = {
			isa = XCBuildConfiguration;
			buildSettings = {
				ASSETCATALOG_COMPILER_APPICON_NAME = AppIcon;
				CODE_SIGN_STYLE = Automatic;
				DEVELOPMENT_TEAM = G7FS496YJB;
				INFOPLIST_FILE = "Pupper Application/Info.plist";
				LD_RUNPATH_SEARCH_PATHS = (
					"$(inherited)",
					"@executable_path/Frameworks",
				);
				PRODUCT_BUNDLE_IDENTIFIER = "jcarachu.Pupper-Application";
				PRODUCT_NAME = "$(TARGET_NAME)";
				SWIFT_VERSION = 4.0;
				TARGETED_DEVICE_FAMILY = "1,2";
			};
			name = Debug;
		};
		C16964C82133AC1100F62BA0 /* Release */ = {
			isa = XCBuildConfiguration;
			buildSettings = {
				ASSETCATALOG_COMPILER_APPICON_NAME = AppIcon;
				CODE_SIGN_STYLE = Automatic;
				DEVELOPMENT_TEAM = G7FS496YJB;
				INFOPLIST_FILE = "Pupper Application/Info.plist";
				LD_RUNPATH_SEARCH_PATHS = (
					"$(inherited)",
					"@executable_path/Frameworks",
				);
				PRODUCT_BUNDLE_IDENTIFIER = "jcarachu.Pupper-Application";
				PRODUCT_NAME = "$(TARGET_NAME)";
				SWIFT_VERSION = 4.0;
				TARGETED_DEVICE_FAMILY = "1,2";
			};
			name = Release;
		};
/* End XCBuildConfiguration section */

/* Begin XCConfigurationList section */
		C16964AF2133AC1100F62BA0 /* Build configuration list for PBXProject "Pupper Application" */ = {
			isa = XCConfigurationList;
			buildConfigurations = (
				C16964C42133AC1100F62BA0 /* Debug */,
				C16964C52133AC1100F62BA0 /* Release */,
			);
			defaultConfigurationIsVisible = 0;
			defaultConfigurationName = Release;
		};
		C16964C62133AC1100F62BA0 /* Build configuration list for PBXNativeTarget "Pupper Application" */ = {
			isa = XCConfigurationList;
			buildConfigurations = (
				C16964C72133AC1100F62BA0 /* Debug */,
				C16964C82133AC1100F62BA0 /* Release */,
			);
			defaultConfigurationIsVisible = 0;
			defaultConfigurationName = Release;
		};
/* End XCConfigurationList section */
	};
	rootObject = C16964AC2133AC1100F62BA0 /* Project object */;
}
